
Microsoft Visual Studio Solution File, Format Version 12.00
# Visual Studio Version 17
VisualStudioVersion = 17.7.34202.233
MinimumVisualStudioVersion = 10.0.40219.1
Project("{FAE04EC0-301F-11D3-BF4B-00C04F79EFBC}") = "Movie Selector - NCB", "Movie Selector - NCB.csproj", "{9B36765A-9D8B-450B-8E46-C2128A24985D}"
EndProject
Global
	GlobalSection(SolutionConfigurationPlatforms) = preSolution
		Debug|Any CPU = Debug|Any CPU
		Release|Any CPU = Release|Any CPU
	EndGlobalSection
	GlobalSection(ProjectConfigurationPlatforms) = postSolution
		{9B36765A-9D8B-450B-8E46-C2128A24985D}.Debug|Any CPU.ActiveCfg = Debug|Any CPU
		{9B36765A-9D8B-450B-8E46-C2128A24985D}.Debug|Any CPU.Build.0 = Debug|Any CPU
		{9B36765A-9D8B-450B-8E46-C2128A24985D}.Release|Any CPU.ActiveCfg = Release|Any CPU
		{9B36765A-9D8B-450B-8E46-C2128A24985D}.Release|Any CPU.Build.0 = Release|Any CPU
	EndGlobalSection
	GlobalSection(SolutionProperties) = preSolution
		HideSolutionNode = FALSE
	EndGlobalSection
	GlobalSection(ExtensibilityGlobals) = postSolution
		SolutionGuid = {316A0F36-6C49-4207-A637-EA6F48C5108E}
	EndGlobalSection
EndGlobal
